
Microsoft Visual Studio Solution File, Format Version 12.00
# Visual Studio 15
VisualStudioVersion = 15.0.26430.16
MinimumVisualStudioVersion = 10.0.40219.1
Project("{FAE04EC0-301F-11D3-BF4B-00C04F79EFBC}") = "gf_chip_json_parse", "gf_chip_json_parse\gf_chip_json_parse.csproj", "{15C65730-037F-4141-A06F-DEF62CEE0C7A}"
EndProject
Global
	GlobalSection(SolutionConfigurationPlatforms) = preSolution
		Debug|Any CPU = Debug|Any CPU
		Release|Any CPU = Release|Any CPU
	EndGlobalSection
	GlobalSection(ProjectConfigurationPlatforms) = postSolution
		{15C65730-037F-4141-A06F-DEF62CEE0C7A}.Debug|Any CPU.ActiveCfg = Debug|Any CPU
		{15C65730-037F-4141-A06F-DEF62CEE0C7A}.Debug|Any CPU.Build.0 = Debug|Any CPU
		{15C65730-037F-4141-A06F-DEF62CEE0C7A}.Release|Any CPU.ActiveCfg = Release|Any CPU
		{15C65730-037F-4141-A06F-DEF62CEE0C7A}.Release|Any CPU.Build.0 = Release|Any CPU
	EndGlobalSection
	GlobalSection(SolutionProperties) = preSolution
		HideSolutionNode = FALSE
	EndGlobalSection
	GlobalSection(ExtensibilityGlobals) = postSolution
		SolutionGuid = {DC73498A-18FE-400C-979D-CB953EB1B519}
	EndGlobalSection
EndGlobal
